
Microsoft Visual Studio Solution File, Format Version 12.00
# Visual Studio Version 16
VisualStudioVersion = 16.0.33214.272
MinimumVisualStudioVersion = 10.0.40219.1
Project("{FAE04EC0-301F-11D3-BF4B-00C04F79EFBC}") = "SaveUrShowUsingCFA", "SaveUrShowUsingCFA\SaveUrShowUsingCFA.csproj", "{F81176D9-E386-4749-8E4D-598DA41133C7}"
EndProject
Global
	GlobalSection(SolutionConfigurationPlatforms) = preSolution
		Debug|Any CPU = Debug|Any CPU
		Release|Any CPU = Release|Any CPU
	EndGlobalSection
	GlobalSection(ProjectConfigurationPlatforms) = postSolution
		{F81176D9-E386-4749-8E4D-598DA41133C7}.Debug|Any CPU.ActiveCfg = Debug|Any CPU
		{F81176D9-E386-4749-8E4D-598DA41133C7}.Debug|Any CPU.Build.0 = Debug|Any CPU
		{F81176D9-E386-4749-8E4D-598DA41133C7}.Release|Any CPU.ActiveCfg = Release|Any CPU
		{F81176D9-E386-4749-8E4D-598DA41133C7}.Release|Any CPU.Build.0 = Release|Any CPU
	EndGlobalSection
	GlobalSection(SolutionProperties) = preSolution
		HideSolutionNode = FALSE
	EndGlobalSection
	GlobalSection(ExtensibilityGlobals) = postSolution
		SolutionGuid = {14B0CFDB-CA06-4CB6-B054-7D6C1749201E}
	EndGlobalSection
EndGlobal
